// !$*UTF8*$!
{
	archiveVersion = 1;
	classes = {
	};
	objectVersion = 51;
	objects = {

/* Begin PBXBuildFile section */
		5607DA0E2426221000B283D2 /* PromiseKit+extensions.swift in Sources */ = {isa = PBXBuildFile; fileRef = 5607DA0D2426221000B283D2 /* PromiseKit+extensions.swift */; };
		5644F61D2406435C00A103EF /* StorageService.swift in Sources */ = {isa = PBXBuildFile; fileRef = 5644F61C2406435C00A103EF /* StorageService.swift */; };
		5644F61F2406459B00A103EF /* StorageProtocol.swift in Sources */ = {isa = PBXBuildFile; fileRef = 5644F61E2406459B00A103EF /* StorageProtocol.swift */; };
		5645AFE823F51C0700B64D0B /* CreatePostViewController.swift in Sources */ = {isa = PBXBuildFile; fileRef = 5645AFE723F51C0700B64D0B /* CreatePostViewController.swift */; };
		564FA33823FFBF81006017FB /* CreateAnswerViewController.swift in Sources */ = {isa = PBXBuildFile; fileRef = 564FA33723FFBF81006017FB /* CreateAnswerViewController.swift */; };
		5653ABCF24161921001E9CF0 /* Cache.swift in Sources */ = {isa = PBXBuildFile; fileRef = 5653ABCE24161921001E9CF0 /* Cache.swift */; };
		5659D9D723FD02980043FA6A /* AnswerPostCell.swift in Sources */ = {isa = PBXBuildFile; fileRef = 5659D9D523FD02980043FA6A /* AnswerPostCell.swift */; };
		5659D9D823FD02980043FA6A /* AnswerPostCell.xib in Resources */ = {isa = PBXBuildFile; fileRef = 5659D9D623FD02980043FA6A /* AnswerPostCell.xib */; };
		567952FE23D806BE0077BA08 /* AppDelegate.swift in Sources */ = {isa = PBXBuildFile; fileRef = 567952FD23D806BE0077BA08 /* AppDelegate.swift */; };
		5679530523D806BE0077BA08 /* Main.storyboard in Resources */ = {isa = PBXBuildFile; fileRef = 5679530323D806BE0077BA08 /* Main.storyboard */; };
		5679530723D806C00077BA08 /* Assets.xcassets in Resources */ = {isa = PBXBuildFile; fileRef = 5679530623D806C00077BA08 /* Assets.xcassets */; };
		5679530A23D806C00077BA08 /* LaunchScreen.storyboard in Resources */ = {isa = PBXBuildFile; fileRef = 5679530823D806C00077BA08 /* LaunchScreen.storyboard */; };
		5679531523D806C00077BA08 /* spotcheck_iosTests.swift in Sources */ = {isa = PBXBuildFile; fileRef = 5679531423D806C00077BA08 /* spotcheck_iosTests.swift */; };
		5679532023D806C00077BA08 /* spotcheck_iosUITests.swift in Sources */ = {isa = PBXBuildFile; fileRef = 5679531F23D806C00077BA08 /* spotcheck_iosUITests.swift */; };
		5679533423D972F00077BA08 /* AuthOptionsViewController.swift in Sources */ = {isa = PBXBuildFile; fileRef = 5679533323D972F00077BA08 /* AuthOptionsViewController.swift */; };
		5679533823D980E40077BA08 /* FeedViewController.swift in Sources */ = {isa = PBXBuildFile; fileRef = 5679533723D980E40077BA08 /* FeedViewController.swift */; };
		5679533A23D988910077BA08 /* ProfileViewController.swift in Sources */ = {isa = PBXBuildFile; fileRef = 5679533923D988910077BA08 /* ProfileViewController.swift */; };
		567E9A3223E93EA2004C1B2E /* Constants.swift in Sources */ = {isa = PBXBuildFile; fileRef = 567E9A3123E93EA2004C1B2E /* Constants.swift */; };
		5681771723FDCE7500CA7AB5 /* DetailedPostCell.swift in Sources */ = {isa = PBXBuildFile; fileRef = 5681771523FDCE7500CA7AB5 /* DetailedPostCell.swift */; };
		5681771823FDCE7500CA7AB5 /* DetailedPostCell.xib in Resources */ = {isa = PBXBuildFile; fileRef = 5681771623FDCE7500CA7AB5 /* DetailedPostCell.xib */; };
		5686D2E224051C0300E09868 /* CreatePostViewController+helpers.swift in Sources */ = {isa = PBXBuildFile; fileRef = 5686D2E124051C0300E09868 /* CreatePostViewController+helpers.swift */; };
		568721A323E7EF1100E15F87 /* ApplicationScheme.swift in Sources */ = {isa = PBXBuildFile; fileRef = 568721A223E7EF1100E15F87 /* ApplicationScheme.swift */; };
		569794D123F11DBC00994B71 /* PostDetailViewController.swift in Sources */ = {isa = PBXBuildFile; fileRef = 569794D023F11DBC00994B71 /* PostDetailViewController.swift */; };
		56EA7F87242B0D3A00EEDF34 /* LoadingCell.swift in Sources */ = {isa = PBXBuildFile; fileRef = 56EA7F85242B0D3A00EEDF34 /* LoadingCell.swift */; };
		BA1FB51323F1014900E091B1 /* BodyMeasurement.swift in Sources */ = {isa = PBXBuildFile; fileRef = BA1FB51223F1014900E091B1 /* BodyMeasurement.swift */; };
		BA1FB51523F1047A00E091B1 /* Contact.swift in Sources */ = {isa = PBXBuildFile; fileRef = BA1FB51423F1047A00E091B1 /* Contact.swift */; };
		BA1FB51723F104B400E091B1 /* PhoneNumber.swift in Sources */ = {isa = PBXBuildFile; fileRef = BA1FB51623F104B400E091B1 /* PhoneNumber.swift */; };
		BA1FB51923F1058500E091B1 /* EmailAddress.swift in Sources */ = {isa = PBXBuildFile; fileRef = BA1FB51823F1058500E091B1 /* EmailAddress.swift */; };
		BA1FB51B23F106B600E091B1 /* Trainer.swift in Sources */ = {isa = PBXBuildFile; fileRef = BA1FB51A23F106B600E091B1 /* Trainer.swift */; };
		BA1FB51D23F106E500E091B1 /* Certification.swift in Sources */ = {isa = PBXBuildFile; fileRef = BA1FB51C23F106E500E091B1 /* Certification.swift */; };
		BA1FB51F23F1071000E091B1 /* Organization.swift in Sources */ = {isa = PBXBuildFile; fileRef = BA1FB51E23F1071000E091B1 /* Organization.swift */; };
		BA1FB52123F1148700E091B1 /* ExercisePost.swift in Sources */ = {isa = PBXBuildFile; fileRef = BA1FB52023F1148600E091B1 /* ExercisePost.swift */; };
		BA1FB52323F116AE00E091B1 /* ExercisePostProtocol.swift in Sources */ = {isa = PBXBuildFile; fileRef = BA1FB52223F116AE00E091B1 /* ExercisePostProtocol.swift */; };
		BA1FB52523F116BD00E091B1 /* ExercisePostService.swift in Sources */ = {isa = PBXBuildFile; fileRef = BA1FB52423F116BD00E091B1 /* ExercisePostService.swift */; };
		BA1FB52723F119CB00E091B1 /* Metrics.swift in Sources */ = {isa = PBXBuildFile; fileRef = BA1FB52623F119CB00E091B1 /* Metrics.swift */; };
		BA1FB52923F11ADA00E091B1 /* Answer.swift in Sources */ = {isa = PBXBuildFile; fileRef = BA1FB52823F11ADA00E091B1 /* Answer.swift */; };
		BA1FB52B23F11B5100E091B1 /* Media.swift in Sources */ = {isa = PBXBuildFile; fileRef = BA1FB52A23F11B5100E091B1 /* Media.swift */; };
		BA1FB52F23F11C3400E091B1 /* Exercise.swift in Sources */ = {isa = PBXBuildFile; fileRef = BA1FB52E23F11C3400E091B1 /* Exercise.swift */; };
		BA3DDD2B241CB1F600692100 /* AnalyticsService.swift in Sources */ = {isa = PBXBuildFile; fileRef = BA3DDD2A241CB1F600692100 /* AnalyticsService.swift */; };
		BA3DDD2D241CB20F00692100 /* AnalyticsProtocol.swift in Sources */ = {isa = PBXBuildFile; fileRef = BA3DDD2C241CB20F00692100 /* AnalyticsProtocol.swift */; };
		BA3DDD2F241CB33600692100 /* AnalyticsEvent.swift in Sources */ = {isa = PBXBuildFile; fileRef = BA3DDD2E241CB33600692100 /* AnalyticsEvent.swift */; };
		BA49213623E6289B00A74A73 /* Roboto-Regular.ttf in Resources */ = {isa = PBXBuildFile; fileRef = BA49212F23E6289A00A74A73 /* Roboto-Regular.ttf */; };
		BA49213723E6289B00A74A73 /* Roboto-Medium.ttf in Resources */ = {isa = PBXBuildFile; fileRef = BA49213023E6289A00A74A73 /* Roboto-Medium.ttf */; };
		BA49213823E6289B00A74A73 /* Roboto-Light.ttf in Resources */ = {isa = PBXBuildFile; fileRef = BA49213123E6289B00A74A73 /* Roboto-Light.ttf */; };
		BA49A013241ED21300BB4BD8 /* list.svg in Resources */ = {isa = PBXBuildFile; fileRef = BA49A012241ED21300BB4BD8 /* list.svg */; };
		BA49A015241ED56300BB4BD8 /* user.svg in Resources */ = {isa = PBXBuildFile; fileRef = BA49A014241ED56300BB4BD8 /* user.svg */; };
		BA49A017241F488500BB4BD8 /* TabBarController.swift in Sources */ = {isa = PBXBuildFile; fileRef = BA49A016241F488500BB4BD8 /* TabBarController.swift */; };
		BA49A0192420875F00BB4BD8 /* more-horizontal.svg in Resources */ = {isa = PBXBuildFile; fileRef = BA49A0182420875F00BB4BD8 /* more-horizontal.svg */; };
		BA49A01B242090DA00BB4BD8 /* trash-2.svg in Resources */ = {isa = PBXBuildFile; fileRef = BA49A01A242090DA00BB4BD8 /* trash-2.svg */; };
		BA4EDA4124025F0D00206267 /* EditProfileViewController.swift in Sources */ = {isa = PBXBuildFile; fileRef = BA4EDA4024025F0D00206267 /* EditProfileViewController.swift */; };
		BA4EDA4324026CE200206267 /* IntExtensions.swift in Sources */ = {isa = PBXBuildFile; fileRef = BA4EDA4224026CE200206267 /* IntExtensions.swift */; };
		BA4EDA452402909A00206267 /* ProfilePostCell.xib in Resources */ = {isa = PBXBuildFile; fileRef = BA4EDA442402909A00206267 /* ProfilePostCell.xib */; };
		BA4EDA47240290C000206267 /* ProfilePostCell.swift in Sources */ = {isa = PBXBuildFile; fileRef = BA4EDA46240290C000206267 /* ProfilePostCell.swift */; };
		BA4EE42623E94A6E003E6D87 /* AuthenticationService.swift in Sources */ = {isa = PBXBuildFile; fileRef = BA4EE42523E94A6E003E6D87 /* AuthenticationService.swift */; };
		BA4EE42823E94BBF003E6D87 /* AuthenticationProtocol.swift in Sources */ = {isa = PBXBuildFile; fileRef = BA4EE42723E94BBF003E6D87 /* AuthenticationProtocol.swift */; };
		BA4EE44523EBA221003E6D87 /* User.swift in Sources */ = {isa = PBXBuildFile; fileRef = BA4EE44423EBA221003E6D87 /* User.swift */; };
		BA4EE44723EBA347003E6D87 /* Identity.swift in Sources */ = {isa = PBXBuildFile; fileRef = BA4EE44623EBA347003E6D87 /* Identity.swift */; };
		BA4EE44F23EE91D1003E6D87 /* SignUpViewController.swift in Sources */ = {isa = PBXBuildFile; fileRef = BA4EE44E23EE91D1003E6D87 /* SignUpViewController.swift */; };
		BA4EE45323EECE84003E6D87 /* eye.svg in Resources */ = {isa = PBXBuildFile; fileRef = BA4EE45123EECE83003E6D87 /* eye.svg */; };
		BA4EE45423EECE84003E6D87 /* eye-off.svg in Resources */ = {isa = PBXBuildFile; fileRef = BA4EE45223EECE84003E6D87 /* eye-off.svg */; };
		BA4EE45A23EF1408003E6D87 /* ForgotPasswordViewController.swift in Sources */ = {isa = PBXBuildFile; fileRef = BA4EE45923EF1408003E6D87 /* ForgotPasswordViewController.swift */; };
		BA4EE45C23EF6814003E6D87 /* PasswordResetConfirmationViewController.swift in Sources */ = {isa = PBXBuildFile; fileRef = BA4EE45B23EF6814003E6D87 /* PasswordResetConfirmationViewController.swift */; };
		BA4EE45E23EFEC39003E6D87 /* UserProtocol.swift in Sources */ = {isa = PBXBuildFile; fileRef = BA4EE45D23EFEC39003E6D87 /* UserProtocol.swift */; };
		BA4EE46023EFEC7B003E6D87 /* UserService.swift in Sources */ = {isa = PBXBuildFile; fileRef = BA4EE45F23EFEC7B003E6D87 /* UserService.swift */; };
		BA54CD6D2435692400A944BC /* save.svg in Resources */ = {isa = PBXBuildFile; fileRef = BA54CD6C2435692400A944BC /* save.svg */; };
		BA54CD6F2436526B00A944BC /* ReportingService.swift in Sources */ = {isa = PBXBuildFile; fileRef = BA54CD6E2436526B00A944BC /* ReportingService.swift */; };
		BA54CD712436528300A944BC /* ReportingProtocol.swift in Sources */ = {isa = PBXBuildFile; fileRef = BA54CD702436528300A944BC /* ReportingProtocol.swift */; };
		BA54CD73243652E000A944BC /* Report.swift in Sources */ = {isa = PBXBuildFile; fileRef = BA54CD72243652E000A944BC /* Report.swift */; };
		BA54CD752436CACE00A944BC /* ReportType.swift in Sources */ = {isa = PBXBuildFile; fileRef = BA54CD742436CACE00A944BC /* ReportType.swift */; };
		BA54CD772436CD7B00A944BC /* more-vertical.svg in Resources */ = {isa = PBXBuildFile; fileRef = BA54CD762436CD7B00A944BC /* more-vertical.svg */; };
		BA54CD792436D52700A944BC /* flag.svg in Resources */ = {isa = PBXBuildFile; fileRef = BA54CD782436D52700A944BC /* flag.svg */; };
		BA54CD7B2436D60C00A944BC /* ReportViewController.swift in Sources */ = {isa = PBXBuildFile; fileRef = BA54CD7A2436D60C00A944BC /* ReportViewController.swift */; };
		BA54CD7D2436F13000A944BC /* send.svg in Resources */ = {isa = PBXBuildFile; fileRef = BA54CD7C2436F13000A944BC /* send.svg */; };
		BA54CD7F2436F9E100A944BC /* CollectionConstants.swift in Sources */ = {isa = PBXBuildFile; fileRef = BA54CD7E2436F9E100A944BC /* CollectionConstants.swift */; };
		BA584C74243796B900417DC5 /* GoogleService-Info.plist in Resources */ = {isa = PBXBuildFile; fileRef = BA584C73243796B900417DC5 /* GoogleService-Info.plist */; };
		BA59197623F92DBA00E8B900 /* Services.swift in Sources */ = {isa = PBXBuildFile; fileRef = BA59197523F92DBA00E8B900 /* Services.swift */; };
		BA5DE70A2415D2E8002C98E6 /* plus.svg in Resources */ = {isa = PBXBuildFile; fileRef = BA5DE7092415D2E8002C98E6 /* plus.svg */; };
		BA5DE70C241888F2002C98E6 /* chevron-up.svg in Resources */ = {isa = PBXBuildFile; fileRef = BA5DE70B241888F2002C98E6 /* chevron-up.svg */; };
		BA5DE70E241888FE002C98E6 /* chevron-down.svg in Resources */ = {isa = PBXBuildFile; fileRef = BA5DE70D241888FE002C98E6 /* chevron-down.svg */; };
		BA5DE7102419ADAC002C98E6 /* Images.swift in Sources */ = {isa = PBXBuildFile; fileRef = BA5DE70F2419ADAC002C98E6 /* Images.swift */; };
		BA6305272422E6A500DA0AE1 /* chevron-left.svg in Resources */ = {isa = PBXBuildFile; fileRef = BA6305262422E6A500DA0AE1 /* chevron-left.svg */; };
		BA6305292422E97100DA0AE1 /* log-out.svg in Resources */ = {isa = PBXBuildFile; fileRef = BA6305282422E97100DA0AE1 /* log-out.svg */; };
		BA733D5524038E4100395895 /* ErrorExtensions.swift in Sources */ = {isa = PBXBuildFile; fileRef = BA733D5424038E4100395895 /* ErrorExtensions.swift */; };
		BA74976D2429D6B100C1C17C /* edit-2.svg in Resources */ = {isa = PBXBuildFile; fileRef = BA74976C2429D6B100C1C17C /* edit-2.svg */; };
		BA74976F2429DA6400C1C17C /* settings.svg in Resources */ = {isa = PBXBuildFile; fileRef = BA74976E2429DA6400C1C17C /* settings.svg */; };
		BA749771242ACEF100C1C17C /* SettingsViewController.swift in Sources */ = {isa = PBXBuildFile; fileRef = BA749770242ACEF100C1C17C /* SettingsViewController.swift */; };
		BA828EF9241CE0270012509D /* StringExtensions.swift in Sources */ = {isa = PBXBuildFile; fileRef = BA828EF8241CE0270012509D /* StringExtensions.swift */; };
		BA828EFB241CE2F10012509D /* FirebaseToDomainMapper.swift in Sources */ = {isa = PBXBuildFile; fileRef = BA828EFA241CE2F10012509D /* FirebaseToDomainMapper.swift */; };
		BA828EFD241CE3E30012509D /* DomainToFirebaseMapper.swift in Sources */ = {isa = PBXBuildFile; fileRef = BA828EFC241CE3E30012509D /* DomainToFirebaseMapper.swift */; };
		BAA340FA23F3932900C7392C /* DateExtensions.swift in Sources */ = {isa = PBXBuildFile; fileRef = BAA340F923F3932900C7392C /* DateExtensions.swift */; };
		BAA340FF23F39AA500C7392C /* FakeDataFactory.swift in Sources */ = {isa = PBXBuildFile; fileRef = BAA340FE23F39AA500C7392C /* FakeDataFactory.swift */; };
		BACCABEA241E162100BEC89E /* UIElementFactory.swift in Sources */ = {isa = PBXBuildFile; fileRef = BACCABE9241E162100BEC89E /* UIElementFactory.swift */; };
		BAEE4AC624263579005C2023 /* reply.svg in Resources */ = {isa = PBXBuildFile; fileRef = BAEE4AC524263579005C2023 /* reply.svg */; };
		BAEE4AC82426D133005C2023 /* FeedCell.swift in Sources */ = {isa = PBXBuildFile; fileRef = BAEE4AC72426D133005C2023 /* FeedCell.swift */; };
		BAEE4ACA2426DEFB005C2023 /* arrow-up.svg in Resources */ = {isa = PBXBuildFile; fileRef = BAEE4AC92426DEFB005C2023 /* arrow-up.svg */; };
		BAEE4ACC2426E122005C2023 /* arrow-down.svg in Resources */ = {isa = PBXBuildFile; fileRef = BAEE4ACB2426E122005C2023 /* arrow-down.svg */; };
		BAEE4ACE24274D49005C2023 /* Colors.swift in Sources */ = {isa = PBXBuildFile; fileRef = BAEE4ACD24274D49005C2023 /* Colors.swift */; };
		BAEE4AD024276DFD005C2023 /* account-circle.svg in Resources */ = {isa = PBXBuildFile; fileRef = BAEE4ACF24276DFD005C2023 /* account-circle.svg */; };
		CE177860E3221E038C0D83EF /* Pods_spotcheck_ios.framework in Frameworks */ = {isa = PBXBuildFile; fileRef = 1BAF183FCC50189FBD943ED6 /* Pods_spotcheck_ios.framework */; };
/* End PBXBuildFile section */

/* Begin PBXContainerItemProxy section */
		5679531123D806C00077BA08 /* PBXContainerItemProxy */ = {
			isa = PBXContainerItemProxy;
			containerPortal = 567952F223D806BE0077BA08 /* Project object */;
			proxyType = 1;
			remoteGlobalIDString = 567952F923D806BE0077BA08;
			remoteInfo = "spotcheck-ios";
		};
		5679531C23D806C00077BA08 /* PBXContainerItemProxy */ = {
			isa = PBXContainerItemProxy;
			containerPortal = 567952F223D806BE0077BA08 /* Project object */;
			proxyType = 1;
			remoteGlobalIDString = 567952F923D806BE0077BA08;
			remoteInfo = "spotcheck-ios";
		};
/* End PBXContainerItemProxy section */

/* Begin PBXFileReference section */
		1BAF183FCC50189FBD943ED6 /* Pods_spotcheck_ios.framework */ = {isa = PBXFileReference; explicitFileType = wrapper.framework; includeInIndex = 0; path = Pods_spotcheck_ios.framework; sourceTree = BUILT_PRODUCTS_DIR; };
		5607DA0D2426221000B283D2 /* PromiseKit+extensions.swift */ = {isa = PBXFileReference; lastKnownFileType = sourcecode.swift; path = "PromiseKit+extensions.swift"; sourceTree = "<group>"; };
		5644F61C2406435C00A103EF /* StorageService.swift */ = {isa = PBXFileReference; lastKnownFileType = sourcecode.swift; path = StorageService.swift; sourceTree = "<group>"; };
		5644F61E2406459B00A103EF /* StorageProtocol.swift */ = {isa = PBXFileReference; lastKnownFileType = sourcecode.swift; path = StorageProtocol.swift; sourceTree = "<group>"; };
		5645AFE723F51C0700B64D0B /* CreatePostViewController.swift */ = {isa = PBXFileReference; lastKnownFileType = sourcecode.swift; path = CreatePostViewController.swift; sourceTree = "<group>"; };
		5645AFE923F53CF700B64D0B /* iOSDropDown.framework */ = {isa = PBXFileReference; explicitFileType = wrapper.framework; path = iOSDropDown.framework; sourceTree = BUILT_PRODUCTS_DIR; };
		564FA33723FFBF81006017FB /* CreateAnswerViewController.swift */ = {isa = PBXFileReference; lastKnownFileType = sourcecode.swift; path = CreateAnswerViewController.swift; sourceTree = "<group>"; };
		5653ABCE24161921001E9CF0 /* Cache.swift */ = {isa = PBXFileReference; lastKnownFileType = sourcecode.swift; path = Cache.swift; sourceTree = "<group>"; };
		5659D9D523FD02980043FA6A /* AnswerPostCell.swift */ = {isa = PBXFileReference; lastKnownFileType = sourcecode.swift; path = AnswerPostCell.swift; sourceTree = "<group>"; };
		5659D9D623FD02980043FA6A /* AnswerPostCell.xib */ = {isa = PBXFileReference; lastKnownFileType = file.xib; path = AnswerPostCell.xib; sourceTree = "<group>"; };
		567952FA23D806BE0077BA08 /* Spotcheckr.app */ = {isa = PBXFileReference; explicitFileType = wrapper.application; includeInIndex = 0; path = Spotcheckr.app; sourceTree = BUILT_PRODUCTS_DIR; };
		567952FD23D806BE0077BA08 /* AppDelegate.swift */ = {isa = PBXFileReference; lastKnownFileType = sourcecode.swift; path = AppDelegate.swift; sourceTree = "<group>"; };
		5679530423D806BE0077BA08 /* Base */ = {isa = PBXFileReference; lastKnownFileType = file.storyboard; name = Base; path = Base.lproj/Main.storyboard; sourceTree = "<group>"; };
		5679530623D806C00077BA08 /* Assets.xcassets */ = {isa = PBXFileReference; lastKnownFileType = folder.assetcatalog; path = Assets.xcassets; sourceTree = "<group>"; };
		5679530923D806C00077BA08 /* Base */ = {isa = PBXFileReference; lastKnownFileType = file.storyboard; name = Base; path = Base.lproj/LaunchScreen.storyboard; sourceTree = "<group>"; };
		5679530B23D806C00077BA08 /* Info.plist */ = {isa = PBXFileReference; lastKnownFileType = text.plist.xml; path = Info.plist; sourceTree = "<group>"; };
		5679531023D806C00077BA08 /* spotcheck-iosTests.xctest */ = {isa = PBXFileReference; explicitFileType = wrapper.cfbundle; includeInIndex = 0; path = "spotcheck-iosTests.xctest"; sourceTree = BUILT_PRODUCTS_DIR; };
		5679531423D806C00077BA08 /* spotcheck_iosTests.swift */ = {isa = PBXFileReference; lastKnownFileType = sourcecode.swift; path = spotcheck_iosTests.swift; sourceTree = "<group>"; };
		5679531623D806C00077BA08 /* Info.plist */ = {isa = PBXFileReference; lastKnownFileType = text.plist.xml; path = Info.plist; sourceTree = "<group>"; };
		5679531B23D806C00077BA08 /* spotcheck-iosUITests.xctest */ = {isa = PBXFileReference; explicitFileType = wrapper.cfbundle; includeInIndex = 0; path = "spotcheck-iosUITests.xctest"; sourceTree = BUILT_PRODUCTS_DIR; };
		5679531F23D806C00077BA08 /* spotcheck_iosUITests.swift */ = {isa = PBXFileReference; lastKnownFileType = sourcecode.swift; path = spotcheck_iosUITests.swift; sourceTree = "<group>"; };
		5679532123D806C00077BA08 /* Info.plist */ = {isa = PBXFileReference; lastKnownFileType = text.plist.xml; path = Info.plist; sourceTree = "<group>"; };
		5679533323D972F00077BA08 /* AuthOptionsViewController.swift */ = {isa = PBXFileReference; lastKnownFileType = sourcecode.swift; path = AuthOptionsViewController.swift; sourceTree = "<group>"; };
		5679533723D980E40077BA08 /* FeedViewController.swift */ = {isa = PBXFileReference; lastKnownFileType = sourcecode.swift; path = FeedViewController.swift; sourceTree = "<group>"; };
		5679533923D988910077BA08 /* ProfileViewController.swift */ = {isa = PBXFileReference; lastKnownFileType = sourcecode.swift; path = ProfileViewController.swift; sourceTree = "<group>"; };
		567E9A3123E93EA2004C1B2E /* Constants.swift */ = {isa = PBXFileReference; lastKnownFileType = sourcecode.swift; path = Constants.swift; sourceTree = "<group>"; };
		5681771523FDCE7500CA7AB5 /* DetailedPostCell.swift */ = {isa = PBXFileReference; lastKnownFileType = sourcecode.swift; path = DetailedPostCell.swift; sourceTree = "<group>"; };
		5681771623FDCE7500CA7AB5 /* DetailedPostCell.xib */ = {isa = PBXFileReference; lastKnownFileType = file.xib; path = DetailedPostCell.xib; sourceTree = "<group>"; };
		5686D2E124051C0300E09868 /* CreatePostViewController+helpers.swift */ = {isa = PBXFileReference; lastKnownFileType = sourcecode.swift; path = "CreatePostViewController+helpers.swift"; sourceTree = "<group>"; };
		568721A223E7EF1100E15F87 /* ApplicationScheme.swift */ = {isa = PBXFileReference; lastKnownFileType = sourcecode.swift; path = ApplicationScheme.swift; sourceTree = "<group>"; };
		569794D023F11DBC00994B71 /* PostDetailViewController.swift */ = {isa = PBXFileReference; lastKnownFileType = sourcecode.swift; path = PostDetailViewController.swift; sourceTree = "<group>"; };
		56EA7F85242B0D3A00EEDF34 /* LoadingCell.swift */ = {isa = PBXFileReference; lastKnownFileType = sourcecode.swift; path = LoadingCell.swift; sourceTree = "<group>"; };
		9B3F6A3B5A83E7CE38E189A3 /* Pods-spotcheck-ios.release.xcconfig */ = {isa = PBXFileReference; includeInIndex = 1; lastKnownFileType = text.xcconfig; name = "Pods-spotcheck-ios.release.xcconfig"; path = "Target Support Files/Pods-spotcheck-ios/Pods-spotcheck-ios.release.xcconfig"; sourceTree = "<group>"; };
		B5E373BCDADE2E7A555D2190 /* Pods-spotcheck-ios.debug.xcconfig */ = {isa = PBXFileReference; includeInIndex = 1; lastKnownFileType = text.xcconfig; name = "Pods-spotcheck-ios.debug.xcconfig"; path = "Target Support Files/Pods-spotcheck-ios/Pods-spotcheck-ios.debug.xcconfig"; sourceTree = "<group>"; };
		BA1FB51223F1014900E091B1 /* BodyMeasurement.swift */ = {isa = PBXFileReference; lastKnownFileType = sourcecode.swift; path = BodyMeasurement.swift; sourceTree = "<group>"; };
		BA1FB51423F1047A00E091B1 /* Contact.swift */ = {isa = PBXFileReference; lastKnownFileType = sourcecode.swift; path = Contact.swift; sourceTree = "<group>"; };
		BA1FB51623F104B400E091B1 /* PhoneNumber.swift */ = {isa = PBXFileReference; lastKnownFileType = sourcecode.swift; path = PhoneNumber.swift; sourceTree = "<group>"; };
		BA1FB51823F1058500E091B1 /* EmailAddress.swift */ = {isa = PBXFileReference; lastKnownFileType = sourcecode.swift; path = EmailAddress.swift; sourceTree = "<group>"; };
		BA1FB51A23F106B600E091B1 /* Trainer.swift */ = {isa = PBXFileReference; lastKnownFileType = sourcecode.swift; path = Trainer.swift; sourceTree = "<group>"; };
		BA1FB51C23F106E500E091B1 /* Certification.swift */ = {isa = PBXFileReference; lastKnownFileType = sourcecode.swift; path = Certification.swift; sourceTree = "<group>"; };
		BA1FB51E23F1071000E091B1 /* Organization.swift */ = {isa = PBXFileReference; lastKnownFileType = sourcecode.swift; path = Organization.swift; sourceTree = "<group>"; };
		BA1FB52023F1148600E091B1 /* ExercisePost.swift */ = {isa = PBXFileReference; fileEncoding = 4; lastKnownFileType = sourcecode.swift; path = ExercisePost.swift; sourceTree = "<group>"; };
		BA1FB52223F116AE00E091B1 /* ExercisePostProtocol.swift */ = {isa = PBXFileReference; lastKnownFileType = sourcecode.swift; path = ExercisePostProtocol.swift; sourceTree = "<group>"; };
		BA1FB52423F116BD00E091B1 /* ExercisePostService.swift */ = {isa = PBXFileReference; lastKnownFileType = sourcecode.swift; path = ExercisePostService.swift; sourceTree = "<group>"; };
		BA1FB52623F119CB00E091B1 /* Metrics.swift */ = {isa = PBXFileReference; lastKnownFileType = sourcecode.swift; path = Metrics.swift; sourceTree = "<group>"; };
		BA1FB52823F11ADA00E091B1 /* Answer.swift */ = {isa = PBXFileReference; lastKnownFileType = sourcecode.swift; path = Answer.swift; sourceTree = "<group>"; };
		BA1FB52A23F11B5100E091B1 /* Media.swift */ = {isa = PBXFileReference; lastKnownFileType = sourcecode.swift; path = Media.swift; sourceTree = "<group>"; };
		BA1FB52E23F11C3400E091B1 /* Exercise.swift */ = {isa = PBXFileReference; lastKnownFileType = sourcecode.swift; path = Exercise.swift; sourceTree = "<group>"; };
		BA3DDD2A241CB1F600692100 /* AnalyticsService.swift */ = {isa = PBXFileReference; lastKnownFileType = sourcecode.swift; path = AnalyticsService.swift; sourceTree = "<group>"; };
		BA3DDD2C241CB20F00692100 /* AnalyticsProtocol.swift */ = {isa = PBXFileReference; lastKnownFileType = sourcecode.swift; path = AnalyticsProtocol.swift; sourceTree = "<group>"; };
		BA3DDD2E241CB33600692100 /* AnalyticsEvent.swift */ = {isa = PBXFileReference; lastKnownFileType = sourcecode.swift; path = AnalyticsEvent.swift; sourceTree = "<group>"; };
		BA49212F23E6289A00A74A73 /* Roboto-Regular.ttf */ = {isa = PBXFileReference; lastKnownFileType = file; path = "Roboto-Regular.ttf"; sourceTree = "<group>"; };
		BA49213023E6289A00A74A73 /* Roboto-Medium.ttf */ = {isa = PBXFileReference; lastKnownFileType = file; path = "Roboto-Medium.ttf"; sourceTree = "<group>"; };
		BA49213123E6289B00A74A73 /* Roboto-Light.ttf */ = {isa = PBXFileReference; lastKnownFileType = file; path = "Roboto-Light.ttf"; sourceTree = "<group>"; };
		BA49A012241ED21300BB4BD8 /* list.svg */ = {isa = PBXFileReference; fileEncoding = 4; lastKnownFileType = text; path = list.svg; sourceTree = "<group>"; };
		BA49A014241ED56300BB4BD8 /* user.svg */ = {isa = PBXFileReference; fileEncoding = 4; lastKnownFileType = text; path = user.svg; sourceTree = "<group>"; };
		BA49A016241F488500BB4BD8 /* TabBarController.swift */ = {isa = PBXFileReference; lastKnownFileType = sourcecode.swift; path = TabBarController.swift; sourceTree = "<group>"; };
		BA49A0182420875F00BB4BD8 /* more-horizontal.svg */ = {isa = PBXFileReference; fileEncoding = 4; lastKnownFileType = text; path = "more-horizontal.svg"; sourceTree = "<group>"; };
		BA49A01A242090DA00BB4BD8 /* trash-2.svg */ = {isa = PBXFileReference; fileEncoding = 4; lastKnownFileType = text; path = "trash-2.svg"; sourceTree = "<group>"; };
		BA4EDA4024025F0D00206267 /* EditProfileViewController.swift */ = {isa = PBXFileReference; lastKnownFileType = sourcecode.swift; path = EditProfileViewController.swift; sourceTree = "<group>"; };
		BA4EDA4224026CE200206267 /* IntExtensions.swift */ = {isa = PBXFileReference; lastKnownFileType = sourcecode.swift; path = IntExtensions.swift; sourceTree = "<group>"; };
		BA4EDA442402909A00206267 /* ProfilePostCell.xib */ = {isa = PBXFileReference; lastKnownFileType = file.xib; path = ProfilePostCell.xib; sourceTree = "<group>"; };
		BA4EDA46240290C000206267 /* ProfilePostCell.swift */ = {isa = PBXFileReference; lastKnownFileType = sourcecode.swift; path = ProfilePostCell.swift; sourceTree = "<group>"; };
		BA4EE42523E94A6E003E6D87 /* AuthenticationService.swift */ = {isa = PBXFileReference; lastKnownFileType = sourcecode.swift; path = AuthenticationService.swift; sourceTree = "<group>"; };
		BA4EE42723E94BBF003E6D87 /* AuthenticationProtocol.swift */ = {isa = PBXFileReference; lastKnownFileType = sourcecode.swift; path = AuthenticationProtocol.swift; sourceTree = "<group>"; };
		BA4EE44423EBA221003E6D87 /* User.swift */ = {isa = PBXFileReference; lastKnownFileType = sourcecode.swift; path = User.swift; sourceTree = "<group>"; };
		BA4EE44623EBA347003E6D87 /* Identity.swift */ = {isa = PBXFileReference; lastKnownFileType = sourcecode.swift; path = Identity.swift; sourceTree = "<group>"; };
		BA4EE44E23EE91D1003E6D87 /* SignUpViewController.swift */ = {isa = PBXFileReference; lastKnownFileType = sourcecode.swift; path = SignUpViewController.swift; sourceTree = "<group>"; };
		BA4EE45123EECE83003E6D87 /* eye.svg */ = {isa = PBXFileReference; fileEncoding = 4; lastKnownFileType = text; path = eye.svg; sourceTree = "<group>"; };
		BA4EE45223EECE84003E6D87 /* eye-off.svg */ = {isa = PBXFileReference; fileEncoding = 4; lastKnownFileType = text; path = "eye-off.svg"; sourceTree = "<group>"; };
		BA4EE45923EF1408003E6D87 /* ForgotPasswordViewController.swift */ = {isa = PBXFileReference; lastKnownFileType = sourcecode.swift; path = ForgotPasswordViewController.swift; sourceTree = "<group>"; };
		BA4EE45B23EF6814003E6D87 /* PasswordResetConfirmationViewController.swift */ = {isa = PBXFileReference; lastKnownFileType = sourcecode.swift; path = PasswordResetConfirmationViewController.swift; sourceTree = "<group>"; };
		BA4EE45D23EFEC39003E6D87 /* UserProtocol.swift */ = {isa = PBXFileReference; lastKnownFileType = sourcecode.swift; path = UserProtocol.swift; sourceTree = "<group>"; };
		BA4EE45F23EFEC7B003E6D87 /* UserService.swift */ = {isa = PBXFileReference; lastKnownFileType = sourcecode.swift; path = UserService.swift; sourceTree = "<group>"; };
		BA54CD6C2435692400A944BC /* save.svg */ = {isa = PBXFileReference; fileEncoding = 4; lastKnownFileType = text; path = save.svg; sourceTree = "<group>"; };
		BA54CD6E2436526B00A944BC /* ReportingService.swift */ = {isa = PBXFileReference; lastKnownFileType = sourcecode.swift; path = ReportingService.swift; sourceTree = "<group>"; };
		BA54CD702436528300A944BC /* ReportingProtocol.swift */ = {isa = PBXFileReference; lastKnownFileType = sourcecode.swift; path = ReportingProtocol.swift; sourceTree = "<group>"; };
		BA54CD72243652E000A944BC /* Report.swift */ = {isa = PBXFileReference; lastKnownFileType = sourcecode.swift; path = Report.swift; sourceTree = "<group>"; };
		BA54CD742436CACE00A944BC /* ReportType.swift */ = {isa = PBXFileReference; lastKnownFileType = sourcecode.swift; path = ReportType.swift; sourceTree = "<group>"; };
		BA54CD762436CD7B00A944BC /* more-vertical.svg */ = {isa = PBXFileReference; fileEncoding = 4; lastKnownFileType = text; path = "more-vertical.svg"; sourceTree = "<group>"; };
		BA54CD782436D52700A944BC /* flag.svg */ = {isa = PBXFileReference; fileEncoding = 4; lastKnownFileType = text; path = flag.svg; sourceTree = "<group>"; };
		BA54CD7A2436D60C00A944BC /* ReportViewController.swift */ = {isa = PBXFileReference; lastKnownFileType = sourcecode.swift; path = ReportViewController.swift; sourceTree = "<group>"; };
		BA54CD7C2436F13000A944BC /* send.svg */ = {isa = PBXFileReference; fileEncoding = 4; lastKnownFileType = text; path = send.svg; sourceTree = "<group>"; };
		BA54CD7E2436F9E100A944BC /* CollectionConstants.swift */ = {isa = PBXFileReference; lastKnownFileType = sourcecode.swift; path = CollectionConstants.swift; sourceTree = "<group>"; };
		BA584C73243796B900417DC5 /* GoogleService-Info.plist */ = {isa = PBXFileReference; fileEncoding = 4; lastKnownFileType = text.plist.xml; name = "GoogleService-Info.plist"; path = "../../../Downloads/GoogleService-Info.plist"; sourceTree = "<group>"; };
		BA59197523F92DBA00E8B900 /* Services.swift */ = {isa = PBXFileReference; lastKnownFileType = sourcecode.swift; path = Services.swift; sourceTree = "<group>"; };
		BA5DE7092415D2E8002C98E6 /* plus.svg */ = {isa = PBXFileReference; fileEncoding = 4; lastKnownFileType = text; path = plus.svg; sourceTree = "<group>"; };
		BA5DE70B241888F2002C98E6 /* chevron-up.svg */ = {isa = PBXFileReference; fileEncoding = 4; lastKnownFileType = text; path = "chevron-up.svg"; sourceTree = "<group>"; };
		BA5DE70D241888FE002C98E6 /* chevron-down.svg */ = {isa = PBXFileReference; fileEncoding = 4; lastKnownFileType = text; path = "chevron-down.svg"; sourceTree = "<group>"; };
		BA5DE70F2419ADAC002C98E6 /* Images.swift */ = {isa = PBXFileReference; lastKnownFileType = sourcecode.swift; path = Images.swift; sourceTree = "<group>"; };
		BA6305262422E6A500DA0AE1 /* chevron-left.svg */ = {isa = PBXFileReference; fileEncoding = 4; lastKnownFileType = text; path = "chevron-left.svg"; sourceTree = "<group>"; };
		BA6305282422E97100DA0AE1 /* log-out.svg */ = {isa = PBXFileReference; fileEncoding = 4; lastKnownFileType = text; path = "log-out.svg"; sourceTree = "<group>"; };
		BA733D5424038E4100395895 /* ErrorExtensions.swift */ = {isa = PBXFileReference; lastKnownFileType = sourcecode.swift; path = ErrorExtensions.swift; sourceTree = "<group>"; };
		BA74976C2429D6B100C1C17C /* edit-2.svg */ = {isa = PBXFileReference; fileEncoding = 4; lastKnownFileType = text; path = "edit-2.svg"; sourceTree = "<group>"; };
		BA74976E2429DA6400C1C17C /* settings.svg */ = {isa = PBXFileReference; fileEncoding = 4; lastKnownFileType = text; path = settings.svg; sourceTree = "<group>"; };
		BA749770242ACEF100C1C17C /* SettingsViewController.swift */ = {isa = PBXFileReference; lastKnownFileType = sourcecode.swift; path = SettingsViewController.swift; sourceTree = "<group>"; };
		BA828EF8241CE0270012509D /* StringExtensions.swift */ = {isa = PBXFileReference; lastKnownFileType = sourcecode.swift; path = StringExtensions.swift; sourceTree = "<group>"; };
		BA828EFA241CE2F10012509D /* FirebaseToDomainMapper.swift */ = {isa = PBXFileReference; lastKnownFileType = sourcecode.swift; path = FirebaseToDomainMapper.swift; sourceTree = "<group>"; };
		BA828EFC241CE3E30012509D /* DomainToFirebaseMapper.swift */ = {isa = PBXFileReference; lastKnownFileType = sourcecode.swift; path = DomainToFirebaseMapper.swift; sourceTree = "<group>"; };
		BAA340F923F3932900C7392C /* DateExtensions.swift */ = {isa = PBXFileReference; lastKnownFileType = sourcecode.swift; path = DateExtensions.swift; sourceTree = "<group>"; };
		BAA340FE23F39AA500C7392C /* FakeDataFactory.swift */ = {isa = PBXFileReference; lastKnownFileType = sourcecode.swift; path = FakeDataFactory.swift; sourceTree = "<group>"; };
		BACCABE9241E162100BEC89E /* UIElementFactory.swift */ = {isa = PBXFileReference; lastKnownFileType = sourcecode.swift; path = UIElementFactory.swift; sourceTree = "<group>"; };
		BAEE4AC524263579005C2023 /* reply.svg */ = {isa = PBXFileReference; fileEncoding = 4; lastKnownFileType = text; path = reply.svg; sourceTree = "<group>"; };
		BAEE4AC72426D133005C2023 /* FeedCell.swift */ = {isa = PBXFileReference; lastKnownFileType = sourcecode.swift; path = FeedCell.swift; sourceTree = "<group>"; };
		BAEE4AC92426DEFB005C2023 /* arrow-up.svg */ = {isa = PBXFileReference; fileEncoding = 4; lastKnownFileType = text; path = "arrow-up.svg"; sourceTree = "<group>"; };
		BAEE4ACB2426E122005C2023 /* arrow-down.svg */ = {isa = PBXFileReference; fileEncoding = 4; lastKnownFileType = text; path = "arrow-down.svg"; sourceTree = "<group>"; };
		BAEE4ACD24274D49005C2023 /* Colors.swift */ = {isa = PBXFileReference; lastKnownFileType = sourcecode.swift; path = Colors.swift; sourceTree = "<group>"; };
		BAEE4ACF24276DFD005C2023 /* account-circle.svg */ = {isa = PBXFileReference; fileEncoding = 4; lastKnownFileType = text; path = "account-circle.svg"; sourceTree = "<group>"; };
/* End PBXFileReference section */

/* Begin PBXFrameworksBuildPhase section */
		567952F723D806BE0077BA08 /* Frameworks */ = {
			isa = PBXFrameworksBuildPhase;
			buildActionMask = 2147483647;
			files = (
				CE177860E3221E038C0D83EF /* Pods_spotcheck_ios.framework in Frameworks */,
			);
			runOnlyForDeploymentPostprocessing = 0;
		};
		5679530D23D806C00077BA08 /* Frameworks */ = {
			isa = PBXFrameworksBuildPhase;
			buildActionMask = 2147483647;
			files = (
			);
			runOnlyForDeploymentPostprocessing = 0;
		};
		5679531823D806C00077BA08 /* Frameworks */ = {
			isa = PBXFrameworksBuildPhase;
			buildActionMask = 2147483647;
			files = (
			);
			runOnlyForDeploymentPostprocessing = 0;
		};
/* End PBXFrameworksBuildPhase section */

/* Begin PBXGroup section */
		10C4979D2923A737CB22C2A2 /* Pods */ = {
			isa = PBXGroup;
			children = (
				B5E373BCDADE2E7A555D2190 /* Pods-spotcheck-ios.debug.xcconfig */,
				9B3F6A3B5A83E7CE38E189A3 /* Pods-spotcheck-ios.release.xcconfig */,
			);
			path = Pods;
			sourceTree = "<group>";
		};
		567952F123D806BE0077BA08 = {
			isa = PBXGroup;
			children = (
				567952FC23D806BE0077BA08 /* spotcheck-ios */,
				5679531323D806C00077BA08 /* spotcheck-iosTests */,
				5679531E23D806C00077BA08 /* spotcheck-iosUITests */,
				567952FB23D806BE0077BA08 /* Products */,
				10C4979D2923A737CB22C2A2 /* Pods */,
				63CFF66ACB16D4BF08954AA5 /* Frameworks */,
			);
			sourceTree = "<group>";
		};
		567952FB23D806BE0077BA08 /* Products */ = {
			isa = PBXGroup;
			children = (
				567952FA23D806BE0077BA08 /* Spotcheckr.app */,
				5679531023D806C00077BA08 /* spotcheck-iosTests.xctest */,
				5679531B23D806C00077BA08 /* spotcheck-iosUITests.xctest */,
			);
			name = Products;
			sourceTree = "<group>";
		};
		567952FC23D806BE0077BA08 /* spotcheck-ios */ = {
			isa = PBXGroup;
			children = (
				BAA340FB23F39A7000C7392C /* Factories */,
				BAA340F823F3931A00C7392C /* Extensions */,
				BA4EE45023EECE5D003E6D87 /* Icons */,
				BA4EE42423E94A4E003E6D87 /* Services */,
				567E9A3323E93F15004C1B2E /* Views */,
				BA49212C23E6285600A74A73 /* Fonts */,
				56B79E3623E2AFA700568685 /* Models */,
				567952FD23D806BE0077BA08 /* AppDelegate.swift */,
				5679533923D988910077BA08 /* ProfileViewController.swift */,
				5679533723D980E40077BA08 /* FeedViewController.swift */,
				5645AFE723F51C0700B64D0B /* CreatePostViewController.swift */,
				5686D2E124051C0300E09868 /* CreatePostViewController+helpers.swift */,
				569794D023F11DBC00994B71 /* PostDetailViewController.swift */,
				564FA33723FFBF81006017FB /* CreateAnswerViewController.swift */,
				5679533323D972F00077BA08 /* AuthOptionsViewController.swift */,
				5679530623D806C00077BA08 /* Assets.xcassets */,
				5679530823D806C00077BA08 /* LaunchScreen.storyboard */,
				BA584C73243796B900417DC5 /* GoogleService-Info.plist */,
				5679530B23D806C00077BA08 /* Info.plist */,
				567E9A3123E93EA2004C1B2E /* Constants.swift */,
				BA4EE44E23EE91D1003E6D87 /* SignUpViewController.swift */,
				BA4EE45923EF1408003E6D87 /* ForgotPasswordViewController.swift */,
				BA4EE45B23EF6814003E6D87 /* PasswordResetConfirmationViewController.swift */,
				BA4EDA4024025F0D00206267 /* EditProfileViewController.swift */,
				BA49A016241F488500BB4BD8 /* TabBarController.swift */,
				BA749770242ACEF100C1C17C /* SettingsViewController.swift */,
				BA54CD7A2436D60C00A944BC /* ReportViewController.swift */,
			);
			path = "spotcheck-ios";
			sourceTree = "<group>";
		};
		5679531323D806C00077BA08 /* spotcheck-iosTests */ = {
			isa = PBXGroup;
			children = (
				5679531423D806C00077BA08 /* spotcheck_iosTests.swift */,
				5679531623D806C00077BA08 /* Info.plist */,
			);
			path = "spotcheck-iosTests";
			sourceTree = "<group>";
		};
		5679531E23D806C00077BA08 /* spotcheck-iosUITests */ = {
			isa = PBXGroup;
			children = (
				5679531F23D806C00077BA08 /* spotcheck_iosUITests.swift */,
				5679532123D806C00077BA08 /* Info.plist */,
			);
			path = "spotcheck-iosUITests";
			sourceTree = "<group>";
		};
		567E9A3323E93F15004C1B2E /* Views */ = {
			isa = PBXGroup;
			children = (
				5679530323D806BE0077BA08 /* Main.storyboard */,
				568721A223E7EF1100E15F87 /* ApplicationScheme.swift */,
				5659D9D523FD02980043FA6A /* AnswerPostCell.swift */,
				5659D9D623FD02980043FA6A /* AnswerPostCell.xib */,
				5681771523FDCE7500CA7AB5 /* DetailedPostCell.swift */,
				5681771623FDCE7500CA7AB5 /* DetailedPostCell.xib */,
				BA4EDA442402909A00206267 /* ProfilePostCell.xib */,
				BA4EDA46240290C000206267 /* ProfilePostCell.swift */,
				BAEE4AC72426D133005C2023 /* FeedCell.swift */,
				56EA7F85242B0D3A00EEDF34 /* LoadingCell.swift */,
			);
			path = Views;
			sourceTree = "<group>";
		};
		56B79E3623E2AFA700568685 /* Models */ = {
			isa = PBXGroup;
			children = (
				BA1FB52023F1148600E091B1 /* ExercisePost.swift */,
				BA4EE44423EBA221003E6D87 /* User.swift */,
				BA4EE44623EBA347003E6D87 /* Identity.swift */,
				BA1FB51223F1014900E091B1 /* BodyMeasurement.swift */,
				BA1FB51423F1047A00E091B1 /* Contact.swift */,
				BA1FB51623F104B400E091B1 /* PhoneNumber.swift */,
				BA1FB51823F1058500E091B1 /* EmailAddress.swift */,
				BA1FB51A23F106B600E091B1 /* Trainer.swift */,
				BA1FB51C23F106E500E091B1 /* Certification.swift */,
				BA1FB51E23F1071000E091B1 /* Organization.swift */,
				BA1FB52623F119CB00E091B1 /* Metrics.swift */,
				BA1FB52823F11ADA00E091B1 /* Answer.swift */,
				BA1FB52A23F11B5100E091B1 /* Media.swift */,
				BA1FB52E23F11C3400E091B1 /* Exercise.swift */,
				BA3DDD2E241CB33600692100 /* AnalyticsEvent.swift */,
				BA54CD72243652E000A944BC /* Report.swift */,
				BA54CD742436CACE00A944BC /* ReportType.swift */,
			);
			path = Models;
			sourceTree = "<group>";
		};
		63CFF66ACB16D4BF08954AA5 /* Frameworks */ = {
			isa = PBXGroup;
			children = (
				5645AFE923F53CF700B64D0B /* iOSDropDown.framework */,
				1BAF183FCC50189FBD943ED6 /* Pods_spotcheck_ios.framework */,
			);
			name = Frameworks;
			sourceTree = "<group>";
		};
		BA49212C23E6285600A74A73 /* Fonts */ = {
			isa = PBXGroup;
			children = (
				BA49213123E6289B00A74A73 /* Roboto-Light.ttf */,
				BA49213023E6289A00A74A73 /* Roboto-Medium.ttf */,
				BA49212F23E6289A00A74A73 /* Roboto-Regular.ttf */,
			);
			path = Fonts;
			sourceTree = "<group>";
		};
		BA4EE42423E94A4E003E6D87 /* Services */ = {
			isa = PBXGroup;
			children = (
				BA4EE42523E94A6E003E6D87 /* AuthenticationService.swift */,
				BA4EE42723E94BBF003E6D87 /* AuthenticationProtocol.swift */,
				BA4EE45D23EFEC39003E6D87 /* UserProtocol.swift */,
				BA4EE45F23EFEC7B003E6D87 /* UserService.swift */,
				BA1FB52223F116AE00E091B1 /* ExercisePostProtocol.swift */,
				BA1FB52423F116BD00E091B1 /* ExercisePostService.swift */,
				BA59197523F92DBA00E8B900 /* Services.swift */,
				5644F61E2406459B00A103EF /* StorageProtocol.swift */,
				5644F61C2406435C00A103EF /* StorageService.swift */,
				BA3DDD2A241CB1F600692100 /* AnalyticsService.swift */,
				BA3DDD2C241CB20F00692100 /* AnalyticsProtocol.swift */,
				5653ABCE24161921001E9CF0 /* Cache.swift */,
				BA828EFA241CE2F10012509D /* FirebaseToDomainMapper.swift */,
				BA828EFC241CE3E30012509D /* DomainToFirebaseMapper.swift */,
				5607DA0D2426221000B283D2 /* PromiseKit+extensions.swift */,
				BA54CD6E2436526B00A944BC /* ReportingService.swift */,
				BA54CD702436528300A944BC /* ReportingProtocol.swift */,
				BA54CD7E2436F9E100A944BC /* CollectionConstants.swift */,
			);
			path = Services;
			sourceTree = "<group>";
		};
		BA4EE45023EECE5D003E6D87 /* Icons */ = {
			isa = PBXGroup;
			children = (
				BA49A0182420875F00BB4BD8 /* more-horizontal.svg */,
				BA49A014241ED56300BB4BD8 /* user.svg */,
				BA6305262422E6A500DA0AE1 /* chevron-left.svg */,
				BAEE4AC92426DEFB005C2023 /* arrow-up.svg */,
				BA49A01A242090DA00BB4BD8 /* trash-2.svg */,
				BA54CD6C2435692400A944BC /* save.svg */,
				BA54CD782436D52700A944BC /* flag.svg */,
				BA54CD7C2436F13000A944BC /* send.svg */,
				BA74976E2429DA6400C1C17C /* settings.svg */,
				BAEE4ACB2426E122005C2023 /* arrow-down.svg */,
				BA54CD762436CD7B00A944BC /* more-vertical.svg */,
				BAEE4ACF24276DFD005C2023 /* account-circle.svg */,
				BA49A012241ED21300BB4BD8 /* list.svg */,
				BA74976C2429D6B100C1C17C /* edit-2.svg */,
				BAEE4AC524263579005C2023 /* reply.svg */,
				BA5DE70D241888FE002C98E6 /* chevron-down.svg */,
				BA6305282422E97100DA0AE1 /* log-out.svg */,
				BA5DE70B241888F2002C98E6 /* chevron-up.svg */,
				BA5DE7092415D2E8002C98E6 /* plus.svg */,
				BA4EE45223EECE84003E6D87 /* eye-off.svg */,
				BA4EE45123EECE83003E6D87 /* eye.svg */,
			);
			path = Icons;
			sourceTree = "<group>";
		};
		BAA340F823F3931A00C7392C /* Extensions */ = {
			isa = PBXGroup;
			children = (
				BAA340F923F3932900C7392C /* DateExtensions.swift */,
				BA4EDA4224026CE200206267 /* IntExtensions.swift */,
				BA733D5424038E4100395895 /* ErrorExtensions.swift */,
				BA828EF8241CE0270012509D /* StringExtensions.swift */,
			);
			path = Extensions;
			sourceTree = "<group>";
		};
		BAA340FB23F39A7000C7392C /* Factories */ = {
			isa = PBXGroup;
			children = (
				BAA340FE23F39AA500C7392C /* FakeDataFactory.swift */,
				BA5DE70F2419ADAC002C98E6 /* Images.swift */,
				BACCABE9241E162100BEC89E /* UIElementFactory.swift */,
				BAEE4ACD24274D49005C2023 /* Colors.swift */,
			);
			path = Factories;
			sourceTree = "<group>";
		};
/* End PBXGroup section */

/* Begin PBXNativeTarget section */
		567952F923D806BE0077BA08 /* spotcheck-ios */ = {
			isa = PBXNativeTarget;
			buildConfigurationList = 5679532423D806C00077BA08 /* Build configuration list for PBXNativeTarget "spotcheck-ios" */;
			buildPhases = (
				EFDC925EFD384A46C613D372 /* [CP] Check Pods Manifest.lock */,
				567952F623D806BE0077BA08 /* Sources */,
				567952F723D806BE0077BA08 /* Frameworks */,
				567952F823D806BE0077BA08 /* Resources */,
				79D62714D134489C2249ABD7 /* [CP] Embed Pods Frameworks */,
				A96EF8782724C9320B7B0709 /* [CP] Copy Pods Resources */,
			);
			buildRules = (
			);
			dependencies = (
			);
			name = "spotcheck-ios";
			productName = "spotcheck-ios";
			productReference = 567952FA23D806BE0077BA08 /* Spotcheckr.app */;
			productType = "com.apple.product-type.application";
		};
		5679530F23D806C00077BA08 /* spotcheck-iosTests */ = {
			isa = PBXNativeTarget;
			buildConfigurationList = 5679532723D806C00077BA08 /* Build configuration list for PBXNativeTarget "spotcheck-iosTests" */;
			buildPhases = (
				5679530C23D806C00077BA08 /* Sources */,
				5679530D23D806C00077BA08 /* Frameworks */,
				5679530E23D806C00077BA08 /* Resources */,
			);
			buildRules = (
			);
			dependencies = (
				5679531223D806C00077BA08 /* PBXTargetDependency */,
			);
			name = "spotcheck-iosTests";
			productName = "spotcheck-iosTests";
			productReference = 5679531023D806C00077BA08 /* spotcheck-iosTests.xctest */;
			productType = "com.apple.product-type.bundle.unit-test";
		};
		5679531A23D806C00077BA08 /* spotcheck-iosUITests */ = {
			isa = PBXNativeTarget;
			buildConfigurationList = 5679532A23D806C00077BA08 /* Build configuration list for PBXNativeTarget "spotcheck-iosUITests" */;
			buildPhases = (
				5679531723D806C00077BA08 /* Sources */,
				5679531823D806C00077BA08 /* Frameworks */,
				5679531923D806C00077BA08 /* Resources */,
			);
			buildRules = (
			);
			dependencies = (
				5679531D23D806C00077BA08 /* PBXTargetDependency */,
			);
			name = "spotcheck-iosUITests";
			productName = "spotcheck-iosUITests";
			productReference = 5679531B23D806C00077BA08 /* spotcheck-iosUITests.xctest */;
			productType = "com.apple.product-type.bundle.ui-testing";
		};
/* End PBXNativeTarget section */

/* Begin PBXProject section */
		567952F223D806BE0077BA08 /* Project object */ = {
			isa = PBXProject;
			attributes = {
				LastSwiftUpdateCheck = 1120;
				LastUpgradeCheck = 1120;
				ORGANIZATIONNAME = "Miguel Paysan";
				TargetAttributes = {
					567952F923D806BE0077BA08 = {
						CreatedOnToolsVersion = 11.2.1;
					};
					5679530F23D806C00077BA08 = {
						CreatedOnToolsVersion = 11.2.1;
						TestTargetID = 567952F923D806BE0077BA08;
					};
					5679531A23D806C00077BA08 = {
						CreatedOnToolsVersion = 11.2.1;
						TestTargetID = 567952F923D806BE0077BA08;
					};
				};
			};
			buildConfigurationList = 567952F523D806BE0077BA08 /* Build configuration list for PBXProject "spotcheck-ios" */;
			compatibilityVersion = "Xcode 9.3";
			developmentRegion = en;
			hasScannedForEncodings = 0;
			knownRegions = (
				en,
				Base,
			);
			mainGroup = 567952F123D806BE0077BA08;
			productRefGroup = 567952FB23D806BE0077BA08 /* Products */;
			projectDirPath = "";
			projectRoot = "";
			targets = (
				567952F923D806BE0077BA08 /* spotcheck-ios */,
				5679530F23D806C00077BA08 /* spotcheck-iosTests */,
				5679531A23D806C00077BA08 /* spotcheck-iosUITests */,
			);
		};
/* End PBXProject section */

/* Begin PBXResourcesBuildPhase section */
		567952F823D806BE0077BA08 /* Resources */ = {
			isa = PBXResourcesBuildPhase;
			buildActionMask = 2147483647;
			files = (
				BAEE4AC624263579005C2023 /* reply.svg in Resources */,
				BA5DE70C241888F2002C98E6 /* chevron-up.svg in Resources */,
				BA74976F2429DA6400C1C17C /* settings.svg in Resources */,
				BA49A015241ED56300BB4BD8 /* user.svg in Resources */,
				BA49A01B242090DA00BB4BD8 /* trash-2.svg in Resources */,
				BA4EDA452402909A00206267 /* ProfilePostCell.xib in Resources */,
				BA54CD7D2436F13000A944BC /* send.svg in Resources */,
				BAEE4AD024276DFD005C2023 /* account-circle.svg in Resources */,
				BA6305292422E97100DA0AE1 /* log-out.svg in Resources */,
				BA4EE45423EECE84003E6D87 /* eye-off.svg in Resources */,
				BAEE4ACA2426DEFB005C2023 /* arrow-up.svg in Resources */,
				BA4EE45323EECE84003E6D87 /* eye.svg in Resources */,
				BA49A0192420875F00BB4BD8 /* more-horizontal.svg in Resources */,
				BA74976D2429D6B100C1C17C /* edit-2.svg in Resources */,
				BA54CD6D2435692400A944BC /* save.svg in Resources */,
				BA49213723E6289B00A74A73 /* Roboto-Medium.ttf in Resources */,
				5679530A23D806C00077BA08 /* LaunchScreen.storyboard in Resources */,
				BA49213623E6289B00A74A73 /* Roboto-Regular.ttf in Resources */,
				BA49A013241ED21300BB4BD8 /* list.svg in Resources */,
				BA5DE70A2415D2E8002C98E6 /* plus.svg in Resources */,
				BA5DE70E241888FE002C98E6 /* chevron-down.svg in Resources */,
				BAEE4ACC2426E122005C2023 /* arrow-down.svg in Resources */,
				BA54CD792436D52700A944BC /* flag.svg in Resources */,
				5679530723D806C00077BA08 /* Assets.xcassets in Resources */,
				BA584C74243796B900417DC5 /* GoogleService-Info.plist in Resources */,
				5681771823FDCE7500CA7AB5 /* DetailedPostCell.xib in Resources */,
				5659D9D823FD02980043FA6A /* AnswerPostCell.xib in Resources */,
				5679530523D806BE0077BA08 /* Main.storyboard in Resources */,
				BA6305272422E6A500DA0AE1 /* chevron-left.svg in Resources */,
				BA54CD772436CD7B00A944BC /* more-vertical.svg in Resources */,
				BA49213823E6289B00A74A73 /* Roboto-Light.ttf in Resources */,
			);
			runOnlyForDeploymentPostprocessing = 0;
		};
		5679530E23D806C00077BA08 /* Resources */ = {
			isa = PBXResourcesBuildPhase;
			buildActionMask = 2147483647;
			files = (
			);
			runOnlyForDeploymentPostprocessing = 0;
		};
		5679531923D806C00077BA08 /* Resources */ = {
			isa = PBXResourcesBuildPhase;
			buildActionMask = 2147483647;
			files = (
			);
			runOnlyForDeploymentPostprocessing = 0;
		};
/* End PBXResourcesBuildPhase section */

/* Begin PBXShellScriptBuildPhase section */
		79D62714D134489C2249ABD7 /* [CP] Embed Pods Frameworks */ = {
			isa = PBXShellScriptBuildPhase;
			buildActionMask = 2147483647;
			files = (
			);
			inputFileListPaths = (
				"${PODS_ROOT}/Target Support Files/Pods-spotcheck-ios/Pods-spotcheck-ios-frameworks-${CONFIGURATION}-input-files.xcfilelist",
			);
			name = "[CP] Embed Pods Frameworks";
			outputFileListPaths = (
				"${PODS_ROOT}/Target Support Files/Pods-spotcheck-ios/Pods-spotcheck-ios-frameworks-${CONFIGURATION}-output-files.xcfilelist",
			);
			runOnlyForDeploymentPostprocessing = 0;
			shellPath = /bin/sh;
			shellScript = "\"${PODS_ROOT}/Target Support Files/Pods-spotcheck-ios/Pods-spotcheck-ios-frameworks.sh\"\n";
			showEnvVarsInLog = 0;
		};
		A96EF8782724C9320B7B0709 /* [CP] Copy Pods Resources */ = {
			isa = PBXShellScriptBuildPhase;
			buildActionMask = 2147483647;
			files = (
			);
			inputFileListPaths = (
				"${PODS_ROOT}/Target Support Files/Pods-spotcheck-ios/Pods-spotcheck-ios-resources-${CONFIGURATION}-input-files.xcfilelist",
			);
			name = "[CP] Copy Pods Resources";
			outputFileListPaths = (
				"${PODS_ROOT}/Target Support Files/Pods-spotcheck-ios/Pods-spotcheck-ios-resources-${CONFIGURATION}-output-files.xcfilelist",
			);
			runOnlyForDeploymentPostprocessing = 0;
			shellPath = /bin/sh;
			shellScript = "\"${PODS_ROOT}/Target Support Files/Pods-spotcheck-ios/Pods-spotcheck-ios-resources.sh\"\n";
			showEnvVarsInLog = 0;
		};
		EFDC925EFD384A46C613D372 /* [CP] Check Pods Manifest.lock */ = {
			isa = PBXShellScriptBuildPhase;
			buildActionMask = 2147483647;
			files = (
			);
			inputFileListPaths = (
			);
			inputPaths = (
				"${PODS_PODFILE_DIR_PATH}/Podfile.lock",
				"${PODS_ROOT}/Manifest.lock",
			);
			name = "[CP] Check Pods Manifest.lock";
			outputFileListPaths = (
			);
			outputPaths = (
				"$(DERIVED_FILE_DIR)/Pods-spotcheck-ios-checkManifestLockResult.txt",
			);
			runOnlyForDeploymentPostprocessing = 0;
			shellPath = /bin/sh;
			shellScript = "diff \"${PODS_PODFILE_DIR_PATH}/Podfile.lock\" \"${PODS_ROOT}/Manifest.lock\" > /dev/null\nif [ $? != 0 ] ; then\n    # print error to STDERR\n    echo \"error: The sandbox is not in sync with the Podfile.lock. Run 'pod install' or update your CocoaPods installation.\" >&2\n    exit 1\nfi\n# This output is used by Xcode 'outputs' to avoid re-running this script phase.\necho \"SUCCESS\" > \"${SCRIPT_OUTPUT_FILE_0}\"\n";
			showEnvVarsInLog = 0;
		};
/* End PBXShellScriptBuildPhase section */

/* Begin PBXSourcesBuildPhase section */
		567952F623D806BE0077BA08 /* Sources */ = {
			isa = PBXSourcesBuildPhase;
			buildActionMask = 2147483647;
			files = (
				567952FE23D806BE0077BA08 /* AppDelegate.swift in Sources */,
				569794D123F11DBC00994B71 /* PostDetailViewController.swift in Sources */,
				BA3DDD2B241CB1F600692100 /* AnalyticsService.swift in Sources */,
				BA49A017241F488500BB4BD8 /* TabBarController.swift in Sources */,
				BA1FB51523F1047A00E091B1 /* Contact.swift in Sources */,
				BA4EE42823E94BBF003E6D87 /* AuthenticationProtocol.swift in Sources */,
				BA1FB52923F11ADA00E091B1 /* Answer.swift in Sources */,
				BA1FB51923F1058500E091B1 /* EmailAddress.swift in Sources */,
				BA54CD6F2436526B00A944BC /* ReportingService.swift in Sources */,
				BA3DDD2F241CB33600692100 /* AnalyticsEvent.swift in Sources */,
				BA1FB52723F119CB00E091B1 /* Metrics.swift in Sources */,
				5644F61F2406459B00A103EF /* StorageProtocol.swift in Sources */,
				5645AFE823F51C0700B64D0B /* CreatePostViewController.swift in Sources */,
				BA733D5524038E4100395895 /* ErrorExtensions.swift in Sources */,
				5644F61D2406435C00A103EF /* StorageService.swift in Sources */,
				BACCABEA241E162100BEC89E /* UIElementFactory.swift in Sources */,
				BA1FB51723F104B400E091B1 /* PhoneNumber.swift in Sources */,
				BA1FB52523F116BD00E091B1 /* ExercisePostService.swift in Sources */,
				564FA33823FFBF81006017FB /* CreateAnswerViewController.swift in Sources */,
				BA4EE45C23EF6814003E6D87 /* PasswordResetConfirmationViewController.swift in Sources */,
				BAA340FA23F3932900C7392C /* DateExtensions.swift in Sources */,
				BAEE4AC82426D133005C2023 /* FeedCell.swift in Sources */,
				5659D9D723FD02980043FA6A /* AnswerPostCell.swift in Sources */,
				BA4EDA47240290C000206267 /* ProfilePostCell.swift in Sources */,
				BA749771242ACEF100C1C17C /* SettingsViewController.swift in Sources */,
				5681771723FDCE7500CA7AB5 /* DetailedPostCell.swift in Sources */,
				BA59197623F92DBA00E8B900 /* Services.swift in Sources */,
				568721A323E7EF1100E15F87 /* ApplicationScheme.swift in Sources */,
				BA1FB52B23F11B5100E091B1 /* Media.swift in Sources */,
				BA5DE7102419ADAC002C98E6 /* Images.swift in Sources */,
				5679533823D980E40077BA08 /* FeedViewController.swift in Sources */,
				5679533A23D988910077BA08 /* ProfileViewController.swift in Sources */,
				BAEE4ACE24274D49005C2023 /* Colors.swift in Sources */,
				BA54CD73243652E000A944BC /* Report.swift in Sources */,
				BA54CD752436CACE00A944BC /* ReportType.swift in Sources */,
				BA1FB51F23F1071000E091B1 /* Organization.swift in Sources */,
				BA3DDD2D241CB20F00692100 /* AnalyticsProtocol.swift in Sources */,
				BA1FB52323F116AE00E091B1 /* ExercisePostProtocol.swift in Sources */,
				567E9A3223E93EA2004C1B2E /* Constants.swift in Sources */,
				BA828EFB241CE2F10012509D /* FirebaseToDomainMapper.swift in Sources */,
				BA1FB51B23F106B600E091B1 /* Trainer.swift in Sources */,
				BA828EF9241CE0270012509D /* StringExtensions.swift in Sources */,
				BA4EE44F23EE91D1003E6D87 /* SignUpViewController.swift in Sources */,
				5686D2E224051C0300E09868 /* CreatePostViewController+helpers.swift in Sources */,
				BA54CD712436528300A944BC /* ReportingProtocol.swift in Sources */,
				5653ABCF24161921001E9CF0 /* Cache.swift in Sources */,
				BA4EE45E23EFEC39003E6D87 /* UserProtocol.swift in Sources */,
				BA828EFD241CE3E30012509D /* DomainToFirebaseMapper.swift in Sources */,
				BA54CD7F2436F9E100A944BC /* CollectionConstants.swift in Sources */,
				BA54CD7B2436D60C00A944BC /* ReportViewController.swift in Sources */,
				BA4EDA4124025F0D00206267 /* EditProfileViewController.swift in Sources */,
				BA1FB51323F1014900E091B1 /* BodyMeasurement.swift in Sources */,
				BA4EE44723EBA347003E6D87 /* Identity.swift in Sources */,
				56EA7F87242B0D3A00EEDF34 /* LoadingCell.swift in Sources */,
				5679533423D972F00077BA08 /* AuthOptionsViewController.swift in Sources */,
				BA1FB51D23F106E500E091B1 /* Certification.swift in Sources */,
				BA1FB52123F1148700E091B1 /* ExercisePost.swift in Sources */,
				5607DA0E2426221000B283D2 /* PromiseKit+extensions.swift in Sources */,
				BA4EE46023EFEC7B003E6D87 /* UserService.swift in Sources */,
				BA4EDA4324026CE200206267 /* IntExtensions.swift in Sources */,
				BA1FB52F23F11C3400E091B1 /* Exercise.swift in Sources */,
				BA4EE45A23EF1408003E6D87 /* ForgotPasswordViewController.swift in Sources */,
				BA4EE44523EBA221003E6D87 /* User.swift in Sources */,
				BAA340FF23F39AA500C7392C /* FakeDataFactory.swift in Sources */,
				BA4EE42623E94A6E003E6D87 /* AuthenticationService.swift in Sources */,
			);
			runOnlyForDeploymentPostprocessing = 0;
		};
		5679530C23D806C00077BA08 /* Sources */ = {
			isa = PBXSourcesBuildPhase;
			buildActionMask = 2147483647;
			files = (
				5679531523D806C00077BA08 /* spotcheck_iosTests.swift in Sources */,
			);
			runOnlyForDeploymentPostprocessing = 0;
		};
		5679531723D806C00077BA08 /* Sources */ = {
			isa = PBXSourcesBuildPhase;
			buildActionMask = 2147483647;
			files = (
				5679532023D806C00077BA08 /* spotcheck_iosUITests.swift in Sources */,
			);
			runOnlyForDeploymentPostprocessing = 0;
		};
/* End PBXSourcesBuildPhase section */

/* Begin PBXTargetDependency section */
		5679531223D806C00077BA08 /* PBXTargetDependency */ = {
			isa = PBXTargetDependency;
			target = 567952F923D806BE0077BA08 /* spotcheck-ios */;
			targetProxy = 5679531123D806C00077BA08 /* PBXContainerItemProxy */;
		};
		5679531D23D806C00077BA08 /* PBXTargetDependency */ = {
			isa = PBXTargetDependency;
			target = 567952F923D806BE0077BA08 /* spotcheck-ios */;
			targetProxy = 5679531C23D806C00077BA08 /* PBXContainerItemProxy */;
		};
/* End PBXTargetDependency section */

/* Begin PBXVariantGroup section */
		5679530323D806BE0077BA08 /* Main.storyboard */ = {
			isa = PBXVariantGroup;
			children = (
				5679530423D806BE0077BA08 /* Base */,
			);
			name = Main.storyboard;
			sourceTree = "<group>";
		};
		5679530823D806C00077BA08 /* LaunchScreen.storyboard */ = {
			isa = PBXVariantGroup;
			children = (
				5679530923D806C00077BA08 /* Base */,
			);
			name = LaunchScreen.storyboard;
			sourceTree = "<group>";
		};
/* End PBXVariantGroup section */

/* Begin XCBuildConfiguration section */
		5679532223D806C00077BA08 /* Debug */ = {
			isa = XCBuildConfiguration;
			buildSettings = {
				ALWAYS_SEARCH_USER_PATHS = NO;
				CLANG_ANALYZER_NONNULL = YES;
				CLANG_ANALYZER_NUMBER_OBJECT_CONVERSION = YES_AGGRESSIVE;
				CLANG_CXX_LANGUAGE_STANDARD = "gnu++14";
				CLANG_CXX_LIBRARY = "libc++";
				CLANG_ENABLE_MODULES = YES;
				CLANG_ENABLE_OBJC_ARC = YES;
				CLANG_ENABLE_OBJC_WEAK = YES;
				CLANG_WARN_BLOCK_CAPTURE_AUTORELEASING = YES;
				CLANG_WARN_BOOL_CONVERSION = YES;
				CLANG_WARN_COMMA = YES;
				CLANG_WARN_CONSTANT_CONVERSION = YES;
				CLANG_WARN_DEPRECATED_OBJC_IMPLEMENTATIONS = YES;
				CLANG_WARN_DIRECT_OBJC_ISA_USAGE = YES_ERROR;
				CLANG_WARN_DOCUMENTATION_COMMENTS = YES;
				CLANG_WARN_EMPTY_BODY = YES;
				CLANG_WARN_ENUM_CONVERSION = YES;
				CLANG_WARN_INFINITE_RECURSION = YES;
				CLANG_WARN_INT_CONVERSION = YES;
				CLANG_WARN_NON_LITERAL_NULL_CONVERSION = YES;
				CLANG_WARN_OBJC_IMPLICIT_RETAIN_SELF = YES;
				CLANG_WARN_OBJC_LITERAL_CONVERSION = YES;
				CLANG_WARN_OBJC_ROOT_CLASS = YES_ERROR;
				CLANG_WARN_RANGE_LOOP_ANALYSIS = YES;
				CLANG_WARN_STRICT_PROTOTYPES = YES;
				CLANG_WARN_SUSPICIOUS_MOVE = YES;
				CLANG_WARN_UNGUARDED_AVAILABILITY = YES_AGGRESSIVE;
				CLANG_WARN_UNREACHABLE_CODE = YES;
				CLANG_WARN__DUPLICATE_METHOD_MATCH = YES;
				COPY_PHASE_STRIP = NO;
				DEBUG_INFORMATION_FORMAT = dwarf;
				ENABLE_STRICT_OBJC_MSGSEND = YES;
				ENABLE_TESTABILITY = YES;
				GCC_C_LANGUAGE_STANDARD = gnu11;
				GCC_DYNAMIC_NO_PIC = NO;
				GCC_NO_COMMON_BLOCKS = YES;
				GCC_OPTIMIZATION_LEVEL = 0;
				GCC_PREPROCESSOR_DEFINITIONS = (
					"DEBUG=1",
					"$(inherited)",
				);
				GCC_WARN_64_TO_32_BIT_CONVERSION = YES;
				GCC_WARN_ABOUT_RETURN_TYPE = YES_ERROR;
				GCC_WARN_UNDECLARED_SELECTOR = YES;
				GCC_WARN_UNINITIALIZED_AUTOS = YES_AGGRESSIVE;
				GCC_WARN_UNUSED_FUNCTION = YES;
				GCC_WARN_UNUSED_VARIABLE = YES;
				IPHONEOS_DEPLOYMENT_TARGET = 13.2;
				MTL_ENABLE_DEBUG_INFO = INCLUDE_SOURCE;
				MTL_FAST_MATH = YES;
				ONLY_ACTIVE_ARCH = YES;
				SDKROOT = iphoneos;
				SWIFT_ACTIVE_COMPILATION_CONDITIONS = DEBUG;
				SWIFT_OPTIMIZATION_LEVEL = "-Onone";
			};
			name = Debug;
		};
		5679532323D806C00077BA08 /* Release */ = {
			isa = XCBuildConfiguration;
			buildSettings = {
				ALWAYS_SEARCH_USER_PATHS = NO;
				CLANG_ANALYZER_NONNULL = YES;
				CLANG_ANALYZER_NUMBER_OBJECT_CONVERSION = YES_AGGRESSIVE;
				CLANG_CXX_LANGUAGE_STANDARD = "gnu++14";
				CLANG_CXX_LIBRARY = "libc++";
				CLANG_ENABLE_MODULES = YES;
				CLANG_ENABLE_OBJC_ARC = YES;
				CLANG_ENABLE_OBJC_WEAK = YES;
				CLANG_WARN_BLOCK_CAPTURE_AUTORELEASING = YES;
				CLANG_WARN_BOOL_CONVERSION = YES;
				CLANG_WARN_COMMA = YES;
				CLANG_WARN_CONSTANT_CONVERSION = YES;
				CLANG_WARN_DEPRECATED_OBJC_IMPLEMENTATIONS = YES;
				CLANG_WARN_DIRECT_OBJC_ISA_USAGE = YES_ERROR;
				CLANG_WARN_DOCUMENTATION_COMMENTS = YES;
				CLANG_WARN_EMPTY_BODY = YES;
				CLANG_WARN_ENUM_CONVERSION = YES;
				CLANG_WARN_INFINITE_RECURSION = YES;
				CLANG_WARN_INT_CONVERSION = YES;
				CLANG_WARN_NON_LITERAL_NULL_CONVERSION = YES;
				CLANG_WARN_OBJC_IMPLICIT_RETAIN_SELF = YES;
				CLANG_WARN_OBJC_LITERAL_CONVERSION = YES;
				CLANG_WARN_OBJC_ROOT_CLASS = YES_ERROR;
				CLANG_WARN_RANGE_LOOP_ANALYSIS = YES;
				CLANG_WARN_STRICT_PROTOTYPES = YES;
				CLANG_WARN_SUSPICIOUS_MOVE = YES;
				CLANG_WARN_UNGUARDED_AVAILABILITY = YES_AGGRESSIVE;
				CLANG_WARN_UNREACHABLE_CODE = YES;
				CLANG_WARN__DUPLICATE_METHOD_MATCH = YES;
				COPY_PHASE_STRIP = NO;
				DEBUG_INFORMATION_FORMAT = "dwarf-with-dsym";
				ENABLE_NS_ASSERTIONS = NO;
				ENABLE_STRICT_OBJC_MSGSEND = YES;
				GCC_C_LANGUAGE_STANDARD = gnu11;
				GCC_NO_COMMON_BLOCKS = YES;
				GCC_WARN_64_TO_32_BIT_CONVERSION = YES;
				GCC_WARN_ABOUT_RETURN_TYPE = YES_ERROR;
				GCC_WARN_UNDECLARED_SELECTOR = YES;
				GCC_WARN_UNINITIALIZED_AUTOS = YES_AGGRESSIVE;
				GCC_WARN_UNUSED_FUNCTION = YES;
				GCC_WARN_UNUSED_VARIABLE = YES;
				IPHONEOS_DEPLOYMENT_TARGET = 13.2;
				MTL_ENABLE_DEBUG_INFO = NO;
				MTL_FAST_MATH = YES;
				SDKROOT = iphoneos;
				SWIFT_COMPILATION_MODE = wholemodule;
				SWIFT_OPTIMIZATION_LEVEL = "-O";
				VALIDATE_PRODUCT = YES;
			};
			name = Release;
		};
		5679532523D806C00077BA08 /* Debug */ = {
			isa = XCBuildConfiguration;
			baseConfigurationReference = B5E373BCDADE2E7A555D2190 /* Pods-spotcheck-ios.debug.xcconfig */;
			buildSettings = {
				ASSETCATALOG_COMPILER_APPICON_NAME = AppIcon;
				CODE_SIGN_STYLE = Automatic;
				DEVELOPMENT_TEAM = 8U9GL9JNNQ;
				INFOPLIST_FILE = "spotcheck-ios/Info.plist";
				LD_RUNPATH_SEARCH_PATHS = (
					"$(inherited)",
					"@executable_path/Frameworks",
				);
				PRODUCT_BUNDLE_IDENTIFIER = app.spotcheckr;
				PRODUCT_NAME = Spotcheckr;
				SWIFT_VERSION = 5.0;
				TARGETED_DEVICE_FAMILY = 1;
			};
			name = Debug;
		};
		5679532623D806C00077BA08 /* Release */ = {
			isa = XCBuildConfiguration;
			baseConfigurationReference = 9B3F6A3B5A83E7CE38E189A3 /* Pods-spotcheck-ios.release.xcconfig */;
			buildSettings = {
				ASSETCATALOG_COMPILER_APPICON_NAME = AppIcon;
				CODE_SIGN_STYLE = Automatic;
				DEVELOPMENT_TEAM = 8U9GL9JNNQ;
				INFOPLIST_FILE = "spotcheck-ios/Info.plist";
				LD_RUNPATH_SEARCH_PATHS = (
					"$(inherited)",
					"@executable_path/Frameworks",
				);
				PRODUCT_BUNDLE_IDENTIFIER = app.spotcheckr;
				PRODUCT_NAME = Spotcheckr;
				SWIFT_VERSION = 5.0;
				TARGETED_DEVICE_FAMILY = 1;
			};
			name = Release;
		};
		5679532823D806C00077BA08 /* Debug */ = {
			isa = XCBuildConfiguration;
			buildSettings = {
				ALWAYS_EMBED_SWIFT_STANDARD_LIBRARIES = YES;
				BUNDLE_LOADER = "$(TEST_HOST)";
				CODE_SIGN_STYLE = Automatic;
				DEVELOPMENT_TEAM = 8U9GL9JNNQ;
				INFOPLIST_FILE = "spotcheck-iosTests/Info.plist";
				IPHONEOS_DEPLOYMENT_TARGET = 13.2;
				LD_RUNPATH_SEARCH_PATHS = (
					"$(inherited)",
					"@executable_path/Frameworks",
					"@loader_path/Frameworks",
				);
				PRODUCT_BUNDLE_IDENTIFIER = "com.spotcheck.spotcheck-iosTests";
				PRODUCT_NAME = "$(TARGET_NAME)";
				SWIFT_VERSION = 5.0;
				TARGETED_DEVICE_FAMILY = "1,2";
				TEST_HOST = "$(BUILT_PRODUCTS_DIR)/spotcheck-ios.app/spotcheck-ios";
			};
			name = Debug;
		};
		5679532923D806C00077BA08 /* Release */ = {
			isa = XCBuildConfiguration;
			buildSettings = {
				ALWAYS_EMBED_SWIFT_STANDARD_LIBRARIES = YES;
				BUNDLE_LOADER = "$(TEST_HOST)";
				CODE_SIGN_STYLE = Automatic;
				DEVELOPMENT_TEAM = 8U9GL9JNNQ;
				INFOPLIST_FILE = "spotcheck-iosTests/Info.plist";
				IPHONEOS_DEPLOYMENT_TARGET = 13.2;
				LD_RUNPATH_SEARCH_PATHS = (
					"$(inherited)",
					"@executable_path/Frameworks",
					"@loader_path/Frameworks",
				);
				PRODUCT_BUNDLE_IDENTIFIER = "com.spotcheck.spotcheck-iosTests";
				PRODUCT_NAME = "$(TARGET_NAME)";
				SWIFT_VERSION = 5.0;
				TARGETED_DEVICE_FAMILY = "1,2";
				TEST_HOST = "$(BUILT_PRODUCTS_DIR)/spotcheck-ios.app/spotcheck-ios";
			};
			name = Release;
		};
		5679532B23D806C00077BA08 /* Debug */ = {
			isa = XCBuildConfiguration;
			buildSettings = {
				ALWAYS_EMBED_SWIFT_STANDARD_LIBRARIES = YES;
				CODE_SIGN_STYLE = Automatic;
				DEVELOPMENT_TEAM = 8U9GL9JNNQ;
				INFOPLIST_FILE = "spotcheck-iosUITests/Info.plist";
				LD_RUNPATH_SEARCH_PATHS = (
					"$(inherited)",
					"@executable_path/Frameworks",
					"@loader_path/Frameworks",
				);
				PRODUCT_BUNDLE_IDENTIFIER = "com.spotcheck.spotcheck-iosUITests";
				PRODUCT_NAME = "$(TARGET_NAME)";
				SWIFT_VERSION = 5.0;
				TARGETED_DEVICE_FAMILY = "1,2";
				TEST_TARGET_NAME = "spotcheck-ios";
			};
			name = Debug;
		};
		5679532C23D806C00077BA08 /* Release */ = {
			isa = XCBuildConfiguration;
			buildSettings = {
				ALWAYS_EMBED_SWIFT_STANDARD_LIBRARIES = YES;
				CODE_SIGN_STYLE = Automatic;
				DEVELOPMENT_TEAM = 8U9GL9JNNQ;
				INFOPLIST_FILE = "spotcheck-iosUITests/Info.plist";
				LD_RUNPATH_SEARCH_PATHS = (
					"$(inherited)",
					"@executable_path/Frameworks",
					"@loader_path/Frameworks",
				);
				PRODUCT_BUNDLE_IDENTIFIER = "com.spotcheck.spotcheck-iosUITests";
				PRODUCT_NAME = "$(TARGET_NAME)";
				SWIFT_VERSION = 5.0;
				TARGETED_DEVICE_FAMILY = "1,2";
				TEST_TARGET_NAME = "spotcheck-ios";
			};
			name = Release;
		};
/* End XCBuildConfiguration section */

/* Begin XCConfigurationList section */
		567952F523D806BE0077BA08 /* Build configuration list for PBXProject "spotcheck-ios" */ = {
			isa = XCConfigurationList;
			buildConfigurations = (
				5679532223D806C00077BA08 /* Debug */,
				5679532323D806C00077BA08 /* Release */,
			);
			defaultConfigurationIsVisible = 0;
			defaultConfigurationName = Release;
		};
		5679532423D806C00077BA08 /* Build configuration list for PBXNativeTarget "spotcheck-ios" */ = {
			isa = XCConfigurationList;
			buildConfigurations = (
				5679532523D806C00077BA08 /* Debug */,
				5679532623D806C00077BA08 /* Release */,
			);
			defaultConfigurationIsVisible = 0;
			defaultConfigurationName = Release;
		};
		5679532723D806C00077BA08 /* Build configuration list for PBXNativeTarget "spotcheck-iosTests" */ = {
			isa = XCConfigurationList;
			buildConfigurations = (
				5679532823D806C00077BA08 /* Debug */,
				5679532923D806C00077BA08 /* Release */,
			);
			defaultConfigurationIsVisible = 0;
			defaultConfigurationName = Release;
		};
		5679532A23D806C00077BA08 /* Build configuration list for PBXNativeTarget "spotcheck-iosUITests" */ = {
			isa = XCConfigurationList;
			buildConfigurations = (
				5679532B23D806C00077BA08 /* Debug */,
				5679532C23D806C00077BA08 /* Release */,
			);
			defaultConfigurationIsVisible = 0;
			defaultConfigurationName = Release;
		};
/* End XCConfigurationList section */
	};
	rootObject = 567952F223D806BE0077BA08 /* Project object */;
}
